// !$*UTF8*$!
{
	archiveVersion = 1;
	classes = {
	};
	objectVersion = 46;
	objects = {

/* Begin PBXBuildFile section */
		97093D3C1C913506001275BC /* AppDelegate.swift in Sources */ = {isa = PBXBuildFile; fileRef = 97093D3B1C913506001275BC /* AppDelegate.swift */; };
		97093D3E1C913506001275BC /* ViewController.swift in Sources */ = {isa = PBXBuildFile; fileRef = 97093D3D1C913506001275BC /* ViewController.swift */; };
		97093D411C913506001275BC /* Main.storyboard in Resources */ = {isa = PBXBuildFile; fileRef = 97093D3F1C913506001275BC /* Main.storyboard */; };
		97093D431C913506001275BC /* Assets.xcassets in Resources */ = {isa = PBXBuildFile; fileRef = 97093D421C913506001275BC /* Assets.xcassets */; };
		97093D461C913506001275BC /* LaunchScreen.storyboard in Resources */ = {isa = PBXBuildFile; fileRef = 97093D441C913506001275BC /* LaunchScreen.storyboard */; };
		97093D531C932116001275BC /* GameSound.wav in Resources */ = {isa = PBXBuildFile; fileRef = 97093D521C932116001275BC /* GameSound.wav */; };
/* End PBXBuildFile section */

/* Begin PBXFileReference section */
		97093D381C913506001275BC /* TrueFalseStarter.app */ = {isa = PBXFileReference; explicitFileType = wrapper.application; includeInIndex = 0; path = TrueFalseStarter.app; sourceTree = BUILT_PRODUCTS_DIR; };
		97093D3B1C913506001275BC /* AppDelegate.swift */ = {isa = PBXFileReference; lastKnownFileType = sourcecode.swift; path = AppDelegate.swift; sourceTree = "<group>"; };
		97093D3D1C913506001275BC /* ViewController.swift */ = {isa = PBXFileReference; lastKnownFileType = sourcecode.swift; path = ViewController.swift; sourceTree = "<group>"; };
		97093D401C913506001275BC /* Base */ = {isa = PBXFileReference; lastKnownFileType = file.storyboard; name = Base; path = Base.lproj/Main.storyboard; sourceTree = "<group>"; };
		97093D421C913506001275BC /* Assets.xcassets */ = {isa = PBXFileReference; lastKnownFileType = folder.assetcatalog; path = Assets.xcassets; sourceTree = "<group>"; };
		97093D451C913506001275BC /* Base */ = {isa = PBXFileReference; lastKnownFileType = file.storyboard; name = Base; path = Base.lproj/LaunchScreen.storyboard; sourceTree = "<group>"; };
		97093D471C913506001275BC /* Info.plist */ = {isa = PBXFileReference; lastKnownFileType = text.plist.xml; path = Info.plist; sourceTree = "<group>"; };
		97093D521C932116001275BC /* GameSound.wav */ = {isa = PBXFileReference; lastKnownFileType = audio.wav; path = GameSound.wav; sourceTree = "<group>"; };
/* End PBXFileReference section */

/* Begin PBXFrameworksBuildPhase section */
		97093D351C913506001275BC /* Frameworks */ = {
			isa = PBXFrameworksBuildPhase;
			buildActionMask = 2147483647;
			files = (
			);
			runOnlyForDeploymentPostprocessing = 0;
		};
/* End PBXFrameworksBuildPhase section */

/* Begin PBXGroup section */
		97093D2F1C913506001275BC = {
			isa = PBXGroup;
			children = (
				97093D3A1C913506001275BC /* TrueFalseStarter */,
				97093D391C913506001275BC /* Products */,
			);
			sourceTree = "<group>";
		};
		97093D391C913506001275BC /* Products */ = {
			isa = PBXGroup;
			children = (
				97093D381C913506001275BC /* TrueFalseStarter.app */,
			);
			name = Products;
			sourceTree = "<group>";
		};
		97093D3A1C913506001275BC /* TrueFalseStarter */ = {
			isa = PBXGroup;
			children = (
				97093D3B1C913506001275BC /* AppDelegate.swift */,
				97093D3D1C913506001275BC /* ViewController.swift */,
				97093D3F1C913506001275BC /* Main.storyboard */,
				97093D421C913506001275BC /* Assets.xcassets */,
				97093D441C913506001275BC /* LaunchScreen.storyboard */,
				97093D471C913506001275BC /* Info.plist */,
				97093D521C932116001275BC /* GameSound.wav */,
			);
			path = TrueFalseStarter;
			sourceTree = "<group>";
		};
/* End PBXGroup section */

/* Begin PBXNativeTarget section */
		97093D371C913506001275BC /* TrueFalseStarter */ = {
			isa = PBXNativeTarget;
			buildConfigurationList = 97093D4A1C913506001275BC /* Build configuration list for PBXNativeTarget "TrueFalseStarter" */;
			buildPhases = (
				97093D341C913506001275BC /* Sources */,
				97093D351C913506001275BC /* Frameworks */,
				97093D361C913506001275BC /* Resources */,
			);
			buildRules = (
			);
			dependencies = (
			);
			name = TrueFalseStarter;
			productName = TrueFalseStarter;
			productReference = 97093D381C913506001275BC /* TrueFalseStarter.app */;
			productType = "com.apple.product-type.application";
		};
/* End PBXNativeTarget section */

/* Begin PBXProject section */
		97093D301C913506001275BC /* Project object */ = {
			isa = PBXProject;
			attributes = {
				LastSwiftUpdateCheck = 0730;
				LastUpgradeCheck = 0810;
				ORGANIZATIONNAME = Treehouse;
				TargetAttributes = {
					97093D371C913506001275BC = {
						CreatedOnToolsVersion = 7.3;
						LastSwiftMigration = 0810;
					};
				};
			};
			buildConfigurationList = 97093D331C913506001275BC /* Build configuration list for PBXProject "TrueFalseStarter" */;
			compatibilityVersion = "Xcode 3.2";
			developmentRegion = English;
			hasScannedForEncodings = 0;
			knownRegions = (
				en,
				Base,
			);
			mainGroup = 97093D2F1C913506001275BC;
			productRefGroup = 97093D391C913506001275BC /* Products */;
			projectDirPath = "";
			projectRoot = "";
			targets = (
				97093D371C913506001275BC /* TrueFalseStarter */,
			);
		};
/* End PBXProject section */

/* Begin PBXResourcesBuildPhase section */
		97093D361C913506001275BC /* Resources */ = {
			isa = PBXResourcesBuildPhase;
			buildActionMask = 2147483647;
			files = (
				97093D531C932116001275BC /* GameSound.wav in Resources */,
				97093D461C913506001275BC /* LaunchScreen.storyboard in Resources */,
				97093D431C913506001275BC /* Assets.xcassets in Resources */,
				97093D411C913506001275BC /* Main.storyboard in Resources */,
			);
			runOnlyForDeploymentPostprocessing = 0;
		};
/* End PBXResourcesBuildPhase section */

/* Begin PBXSourcesBuildPhase section */
		97093D341C913506001275BC /* Sources */ = {
			isa = PBXSourcesBuildPhase;
			buildActionMask = 2147483647;
			files = (
				97093D3E1C913506001275BC /* ViewController.swift in Sources */,
				97093D3C1C913506001275BC /* AppDelegate.swift in Sources */,
			);
			runOnlyForDeploymentPostprocessing = 0;
		};
/* End PBXSourcesBuildPhase section */

/* Begin PBXVariantGroup section */
		97093D3F1C913506001275BC /* Main.storyboard */ = {
			isa = PBXVariantGroup;
			children = (
				97093D401C913506001275BC /* Base */,
			);
			name = Main.storyboard;
			sourceTree = "<group>";
		};
		97093D441C913506001275BC /* LaunchScreen.storyboard */ = {
			isa = PBXVariantGroup;
			children = (
				97093D451C913506001275BC /* Base */,
			);
			name = LaunchScreen.storyboard;
			sourceTree = "<group>";
		};
/* End PBXVariantGroup section */

/* Begin XCBuildConfiguration section */
		97093D481C913506001275BC /* Debug */ = {
			isa = XCBuildConfiguration;
			buildSettings = {
				ALWAYS_SEARCH_USER_PATHS = NO;
				CLANG_ANALYZER_NONNULL = YES;
				CLANG_CXX_LANGUAGE_STANDARD = "gnu++0x";
				CLANG_CXX_LIBRARY = "libc++";
				CLANG_ENABLE_MODULES = YES;
				CLANG_ENABLE_OBJC_ARC = YES;
				CLANG_WARN_BOOL_CONVERSION = YES;
				CLANG_WARN_CONSTANT_CONVERSION = YES;
				CLANG_WARN_DIRECT_OBJC_ISA_USAGE = YES_ERROR;
				CLANG_WARN_EMPTY_BODY = YES;
				CLANG_WARN_ENUM_CONVERSION = YES;
				CLANG_WARN_INFINITE_RECURSION = YES;
				CLANG_WARN_INT_CONVERSION = YES;
				CLANG_WARN_OBJC_ROOT_CLASS = YES_ERROR;
				CLANG_WARN_SUSPICIOUS_MOVE = YES;
				CLANG_WARN_UNREACHABLE_CODE = YES;
				CLANG_WARN__DUPLICATE_METHOD_MATCH = YES;
				"CODE_SIGN_IDENTITY[sdk=iphoneos*]" = "iPhone Developer";
				COPY_PHASE_STRIP = NO;
				DEBUG_INFORMATION_FORMAT = dwarf;
				ENABLE_STRICT_OBJC_MSGSEND = YES;
				ENABLE_TESTABILITY = YES;
				GCC_C_LANGUAGE_STANDARD = gnu99;
				GCC_DYNAMIC_NO_PIC = NO;
				GCC_NO_COMMON_BLOCKS = YES;
				GCC_OPTIMIZATION_LEVEL = 0;
				GCC_PREPROCESSOR_DEFINITIONS = (
					"DEBUG=1",
					"$(inherited)",
				);
				GCC_WARN_64_TO_32_BIT_CONVERSION = YES;
				GCC_WARN_ABOUT_RETURN_TYPE = YES_ERROR;
				GCC_WARN_UNDECLARED_SELECTOR = YES;
				GCC_WARN_UNINITIALIZED_AUTOS = YES_AGGRESSIVE;
				GCC_WARN_UNUSED_FUNCTION = YES;
				GCC_WARN_UNUSED_VARIABLE = YES;
				IPHONEOS_DEPLOYMENT_TARGET = 9.3;
				MTL_ENABLE_DEBUG_INFO = YES;
				ONLY_ACTIVE_ARCH = YES;
				SDKROOT = iphoneos;
				SWIFT_OPTIMIZATION_LEVEL = "-Onone";
			};
			name = Debug;
		};
		97093D491C913506001275BC /* Release */ = {
			isa = XCBuildConfiguration;
			buildSettings = {
				ALWAYS_SEARCH_USER_PATHS = NO;
				CLANG_ANALYZER_NONNULL = YES;
				CLANG_CXX_LANGUAGE_STANDARD = "gnu++0x";
				CLANG_CXX_LIBRARY = "libc++";
				CLANG_ENABLE_MODULES = YES;
				CLANG_ENABLE_OBJC_ARC = YES;
				CLANG_WARN_BOOL_CONVERSION = YES;
				CLANG_WARN_CONSTANT_CONVERSION = YES;
				CLANG_WARN_DIRECT_OBJC_ISA_USAGE = YES_ERROR;
				CLANG_WARN_EMPTY_BODY = YES;
				CLANG_WARN_ENUM_CONVERSION = YES;
				CLANG_WARN_INFINITE_RECURSION = YES;
				CLANG_WARN_INT_CONVERSION = YES;
				CLANG_WARN_OBJC_ROOT_CLASS = YES_ERROR;
				CLANG_WARN_SUSPICIOUS_MOVE = YES;
				CLANG_WARN_UNREACHABLE_CODE = YES;
				CLANG_WARN__DUPLICATE_METHOD_MATCH = YES;
				"CODE_SIGN_IDENTITY[sdk=iphoneos*]" = "iPhone Developer";
				COPY_PHASE_STRIP = NO;
				DEBUG_INFORMATION_FORMAT = "dwarf-with-dsym";
				ENABLE_NS_ASSERTIONS = NO;
				ENABLE_STRICT_OBJC_MSGSEND = YES;
				GCC_C_LANGUAGE_STANDARD = gnu99;
				GCC_NO_COMMON_BLOCKS = YES;
				GCC_WARN_64_TO_32_BIT_CONVERSION = YES;
				GCC_WARN_ABOUT_RETURN_TYPE = YES_ERROR;
				GCC_WARN_UNDECLARED_SELECTOR = YES;
				GCC_WARN_UNINITIALIZED_AUTOS = YES_AGGRESSIVE;
				GCC_WARN_UNUSED_FUNCTION = YES;
				GCC_WARN_UNUSED_VARIABLE = YES;
				IPHONEOS_DEPLOYMENT_TARGET = 9.3;
				MTL_ENABLE_DEBUG_INFO = NO;
				SDKROOT = iphoneos;
				SWIFT_OPTIMIZATION_LEVEL = "-Owholemodule";
				VALIDATE_PRODUCT = YES;
			};
			name = Release;
		};
		97093D4B1C913506001275BC /* Debug */ = {
			isa = XCBuildConfiguration;
			buildSettings = {
				ASSETCATALOG_COMPILER_APPICON_NAME = AppIcon;
				INFOPLIST_FILE = TrueFalseStarter/Info.plist;
				LD_RUNPATH_SEARCH_PATHS = "$(inherited) @executable_path/Frameworks";
				PRODUCT_BUNDLE_IDENTIFIER = com.teamtreehouse.TrueFalseStarter;
				PRODUCT_NAME = "$(TARGET_NAME)";
				SWIFT_VERSION = 3.0;
			};
			name = Debug;
		};
		97093D4C1C913506001275BC /* Release */ = {
			isa = XCBuildConfiguration;
			buildSettings = {
				ASSETCATALOG_COMPILER_APPICON_NAME = AppIcon;
				INFOPLIST_FILE = TrueFalseStarter/Info.plist;
				LD_RUNPATH_SEARCH_PATHS = "$(inherited) @executable_path/Frameworks";
				PRODUCT_BUNDLE_IDENTIFIER = com.teamtreehouse.TrueFalseStarter;
				PRODUCT_NAME = "$(TARGET_NAME)";
				SWIFT_VERSION = 3.0;
			};
			name = Release;
		};
/* End XCBuildConfiguration section */

/* Begin XCConfigurationList section */
		97093D331C913506001275BC /* Build configuration list for PBXProject "TrueFalseStarter" */ = {
			isa = XCConfigurationList;
			buildConfigurations = (
				97093D481C913506001275BC /* Debug */,
				97093D491C913506001275BC /* Release */,
			);
			defaultConfigurationIsVisible = 0;
			defaultConfigurationName = Release;
		};
		97093D4A1C913506001275BC /* Build configuration list for PBXNativeTarget "TrueFalseStarter" */ = {
			isa = XCConfigurationList;
			buildConfigurations = (
				97093D4B1C913506001275BC /* Debug */,
				97093D4C1C913506001275BC /* Release */,
			);
			defaultConfigurationIsVisible = 0;
			defaultConfigurationName = Release;
		};
/* End XCConfigurationList section */
	};
	rootObject = 97093D301C913506001275BC /* Project object */;
}
